// !$*UTF8*$!
{
	archiveVersion = 1;
	classes = {
	};
	objectVersion = 56;
	objects = {

/* Begin PBXBuildFile section */
		181B05AB29C9C75800511469 /* UIProgression2App.swift in Sources */ = {isa = PBXBuildFile; fileRef = 181B05AA29C9C75800511469 /* UIProgression2App.swift */; };
		181B05AD29C9C75800511469 /* ContentView.swift in Sources */ = {isa = PBXBuildFile; fileRef = 181B05AC29C9C75800511469 /* ContentView.swift */; };
		181B05AF29C9C75F00511469 /* Assets.xcassets in Resources */ = {isa = PBXBuildFile; fileRef = 181B05AE29C9C75F00511469 /* Assets.xcassets */; };
		181B05B229C9C75F00511469 /* Preview Assets.xcassets in Resources */ = {isa = PBXBuildFile; fileRef = 181B05B129C9C75F00511469 /* Preview Assets.xcassets */; };
		18D38D1529C9E3D6006482B6 /* ControlImageView.swift in Sources */ = {isa = PBXBuildFile; fileRef = 18D38D1429C9E3D6006482B6 /* ControlImageView.swift */; };
		18D38D1729C9ED5B006482B6 /* PageModel.swift in Sources */ = {isa = PBXBuildFile; fileRef = 18D38D1629C9ED5B006482B6 /* PageModel.swift */; };
		18D38D1929C9EDC8006482B6 /* Data.swift in Sources */ = {isa = PBXBuildFile; fileRef = 18D38D1829C9EDC7006482B6 /* Data.swift */; };
/* End PBXBuildFile section */

/* Begin PBXFileReference section */
		181B05A729C9C75800511469 /* UIProgression2.app */ = {isa = PBXFileReference; explicitFileType = wrapper.application; includeInIndex = 0; path = UIProgression2.app; sourceTree = BUILT_PRODUCTS_DIR; };
		181B05AA29C9C75800511469 /* UIProgression2App.swift */ = {isa = PBXFileReference; lastKnownFileType = sourcecode.swift; path = UIProgression2App.swift; sourceTree = "<group>"; };
		181B05AC29C9C75800511469 /* ContentView.swift */ = {isa = PBXFileReference; lastKnownFileType = sourcecode.swift; path = ContentView.swift; sourceTree = "<group>"; };
		181B05AE29C9C75F00511469 /* Assets.xcassets */ = {isa = PBXFileReference; lastKnownFileType = folder.assetcatalog; path = Assets.xcassets; sourceTree = "<group>"; };
		181B05B129C9C75F00511469 /* Preview Assets.xcassets */ = {isa = PBXFileReference; lastKnownFileType = folder.assetcatalog; path = "Preview Assets.xcassets"; sourceTree = "<group>"; };
		18D38D1429C9E3D6006482B6 /* ControlImageView.swift */ = {isa = PBXFileReference; lastKnownFileType = sourcecode.swift; path = ControlImageView.swift; sourceTree = "<group>"; };
		18D38D1629C9ED5B006482B6 /* PageModel.swift */ = {isa = PBXFileReference; lastKnownFileType = sourcecode.swift; path = PageModel.swift; sourceTree = "<group>"; };
		18D38D1829C9EDC7006482B6 /* Data.swift */ = {isa = PBXFileReference; lastKnownFileType = sourcecode.swift; path = Data.swift; sourceTree = "<group>"; };
/* End PBXFileReference section */

/* Begin PBXFrameworksBuildPhase section */
		181B05A429C9C75800511469 /* Frameworks */ = {
			isa = PBXFrameworksBuildPhase;
			buildActionMask = 2147483647;
			files = (
			);
			runOnlyForDeploymentPostprocessing = 0;
		};
/* End PBXFrameworksBuildPhase section */

/* Begin PBXGroup section */
		181B059E29C9C75800511469 = {
			isa = PBXGroup;
			children = (
				181B05A929C9C75800511469 /* UIProgression2 */,
				181B05A829C9C75800511469 /* Products */,
			);
			sourceTree = "<group>";
		};
		181B05A829C9C75800511469 /* Products */ = {
			isa = PBXGroup;
			children = (
				181B05A729C9C75800511469 /* UIProgression2.app */,
			);
			name = Products;
			sourceTree = "<group>";
		};
		181B05A929C9C75800511469 /* UIProgression2 */ = {
			isa = PBXGroup;
			children = (
				181B05BB29C9C78D00511469 /* Data */,
				181B05BA29C9C78400511469 /* Model */,
				181B05B929C9C77A00511469 /* View */,
				181B05AA29C9C75800511469 /* UIProgression2App.swift */,
				181B05B829C9C76D00511469 /* Screens */,
				181B05AE29C9C75F00511469 /* Assets.xcassets */,
				181B05B029C9C75F00511469 /* Preview Content */,
			);
			path = UIProgression2;
			sourceTree = "<group>";
		};
		181B05B029C9C75F00511469 /* Preview Content */ = {
			isa = PBXGroup;
			children = (
				181B05B129C9C75F00511469 /* Preview Assets.xcassets */,
			);
			path = "Preview Content";
			sourceTree = "<group>";
		};
		181B05B829C9C76D00511469 /* Screens */ = {
			isa = PBXGroup;
			children = (
				181B05AC29C9C75800511469 /* ContentView.swift */,
			);
			path = Screens;
			sourceTree = "<group>";
		};
		181B05B929C9C77A00511469 /* View */ = {
			isa = PBXGroup;
			children = (
				18D38D1429C9E3D6006482B6 /* ControlImageView.swift */,
			);
			path = View;
			sourceTree = "<group>";
		};
		181B05BA29C9C78400511469 /* Model */ = {
			isa = PBXGroup;
			children = (
				18D38D1629C9ED5B006482B6 /* PageModel.swift */,
			);
			path = Model;
			sourceTree = "<group>";
		};
		181B05BB29C9C78D00511469 /* Data */ = {
			isa = PBXGroup;
			children = (
				18D38D1829C9EDC7006482B6 /* Data.swift */,
			);
			path = Data;
			sourceTree = "<group>";
		};
/* End PBXGroup section */

/* Begin PBXNativeTarget section */
		181B05A629C9C75800511469 /* UIProgression2 */ = {
			isa = PBXNativeTarget;
			buildConfigurationList = 181B05B529C9C75F00511469 /* Build configuration list for PBXNativeTarget "UIProgression2" */;
			buildPhases = (
				181B05A329C9C75800511469 /* Sources */,
				181B05A429C9C75800511469 /* Frameworks */,
				181B05A529C9C75800511469 /* Resources */,
			);
			buildRules = (
			);
			dependencies = (
			);
			name = UIProgression2;
			productName = UIProgression2;
			productReference = 181B05A729C9C75800511469 /* UIProgression2.app */;
			productType = "com.apple.product-type.application";
		};
/* End PBXNativeTarget section */

/* Begin PBXProject section */
		181B059F29C9C75800511469 /* Project object */ = {
			isa = PBXProject;
			attributes = {
				BuildIndependentTargetsInParallel = 1;
				LastSwiftUpdateCheck = 1410;
				LastUpgradeCheck = 1410;
				TargetAttributes = {
					181B05A629C9C75800511469 = {
						CreatedOnToolsVersion = 14.1;
					};
				};
			};
			buildConfigurationList = 181B05A229C9C75800511469 /* Build configuration list for PBXProject "UIProgression2" */;
			compatibilityVersion = "Xcode 14.0";
			developmentRegion = en;
			hasScannedForEncodings = 0;
			knownRegions = (
				en,
				Base,
			);
			mainGroup = 181B059E29C9C75800511469;
			productRefGroup = 181B05A829C9C75800511469 /* Products */;
			projectDirPath = "";
			projectRoot = "";
			targets = (
				181B05A629C9C75800511469 /* UIProgression2 */,
			);
		};
/* End PBXProject section */

/* Begin PBXResourcesBuildPhase section */
		181B05A529C9C75800511469 /* Resources */ = {
			isa = PBXResourcesBuildPhase;
			buildActionMask = 2147483647;
			files = (
				181B05B229C9C75F00511469 /* Preview Assets.xcassets in Resources */,
				181B05AF29C9C75F00511469 /* Assets.xcassets in Resources */,
			);
			runOnlyForDeploymentPostprocessing = 0;
		};
/* End PBXResourcesBuildPhase section */

/* Begin PBXSourcesBuildPhase section */
		181B05A329C9C75800511469 /* Sources */ = {
			isa = PBXSourcesBuildPhase;
			buildActionMask = 2147483647;
			files = (
				18D38D1729C9ED5B006482B6 /* PageModel.swift in Sources */,
				18D38D1929C9EDC8006482B6 /* Data.swift in Sources */,
				181B05AD29C9C75800511469 /* ContentView.swift in Sources */,
				181B05AB29C9C75800511469 /* UIProgression2App.swift in Sources */,
				18D38D1529C9E3D6006482B6 /* ControlImageView.swift in Sources */,
			);
			runOnlyForDeploymentPostprocessing = 0;
		};
/* End PBXSourcesBuildPhase section */

/* Begin XCBuildConfiguration section */
		181B05B329C9C75F00511469 /* Debug */ = {
			isa = XCBuildConfiguration;
			buildSettings = {
				ALWAYS_SEARCH_USER_PATHS = NO;
				CLANG_ANALYZER_NONNULL = YES;
				CLANG_ANALYZER_NUMBER_OBJECT_CONVERSION = YES_AGGRESSIVE;
				CLANG_CXX_LANGUAGE_STANDARD = "gnu++20";
				CLANG_ENABLE_MODULES = YES;
				CLANG_ENABLE_OBJC_ARC = YES;
				CLANG_ENABLE_OBJC_WEAK = YES;
				CLANG_WARN_BLOCK_CAPTURE_AUTORELEASING = YES;
				CLANG_WARN_BOOL_CONVERSION = YES;
				CLANG_WARN_COMMA = YES;
				CLANG_WARN_CONSTANT_CONVERSION = YES;
				CLANG_WARN_DEPRECATED_OBJC_IMPLEMENTATIONS = YES;
				CLANG_WARN_DIRECT_OBJC_ISA_USAGE = YES_ERROR;
				CLANG_WARN_DOCUMENTATION_COMMENTS = YES;
				CLANG_WARN_EMPTY_BODY = YES;
				CLANG_WARN_ENUM_CONVERSION = YES;
				CLANG_WARN_INFINITE_RECURSION = YES;
				CLANG_WARN_INT_CONVERSION = YES;
				CLANG_WARN_NON_LITERAL_NULL_CONVERSION = YES;
				CLANG_WARN_OBJC_IMPLICIT_RETAIN_SELF = YES;
				CLANG_WARN_OBJC_LITERAL_CONVERSION = YES;
				CLANG_WARN_OBJC_ROOT_CLASS = YES_ERROR;
				CLANG_WARN_QUOTED_INCLUDE_IN_FRAMEWORK_HEADER = YES;
				CLANG_WARN_RANGE_LOOP_ANALYSIS = YES;
				CLANG_WARN_STRICT_PROTOTYPES = YES;
				CLANG_WARN_SUSPICIOUS_MOVE = YES;
				CLANG_WARN_UNGUARDED_AVAILABILITY = YES_AGGRESSIVE;
				CLANG_WARN_UNREACHABLE_CODE = YES;
				CLANG_WARN__DUPLICATE_METHOD_MATCH = YES;
				COPY_PHASE_STRIP = NO;
				DEBUG_INFORMATION_FORMAT = dwarf;
				ENABLE_STRICT_OBJC_MSGSEND = YES;
				ENABLE_TESTABILITY = YES;
				GCC_C_LANGUAGE_STANDARD = gnu11;
				GCC_DYNAMIC_NO_PIC = NO;
				GCC_NO_COMMON_BLOCKS = YES;
				GCC_OPTIMIZATION_LEVEL = 0;
				GCC_PREPROCESSOR_DEFINITIONS = (
					"DEBUG=1",
					"$(inherited)",
				);
				GCC_WARN_64_TO_32_BIT_CONVERSION = YES;
				GCC_WARN_ABOUT_RETURN_TYPE = YES_ERROR;
				GCC_WARN_UNDECLARED_SELECTOR = YES;
				GCC_WARN_UNINITIALIZED_AUTOS = YES_AGGRESSIVE;
				GCC_WARN_UNUSED_FUNCTION = YES;
				GCC_WARN_UNUSED_VARIABLE = YES;
				IPHONEOS_DEPLOYMENT_TARGET = 16.1;
				MTL_ENABLE_DEBUG_INFO = INCLUDE_SOURCE;
				MTL_FAST_MATH = YES;
				ONLY_ACTIVE_ARCH = YES;
				SDKROOT = iphoneos;
				SWIFT_ACTIVE_COMPILATION_CONDITIONS = DEBUG;
				SWIFT_OPTIMIZATION_LEVEL = "-Onone";
			};
			name = Debug;
		};
		181B05B429C9C75F00511469 /* Release */ = {
			isa = XCBuildConfiguration;
			buildSettings = {
				ALWAYS_SEARCH_USER_PATHS = NO;
				CLANG_ANALYZER_NONNULL = YES;
				CLANG_ANALYZER_NUMBER_OBJECT_CONVERSION = YES_AGGRESSIVE;
				CLANG_CXX_LANGUAGE_STANDARD = "gnu++20";
				CLANG_ENABLE_MODULES = YES;
				CLANG_ENABLE_OBJC_ARC = YES;
				CLANG_ENABLE_OBJC_WEAK = YES;
				CLANG_WARN_BLOCK_CAPTURE_AUTORELEASING = YES;
				CLANG_WARN_BOOL_CONVERSION = YES;
				CLANG_WARN_COMMA = YES;
				CLANG_WARN_CONSTANT_CONVERSION = YES;
				CLANG_WARN_DEPRECATED_OBJC_IMPLEMENTATIONS = YES;
				CLANG_WARN_DIRECT_OBJC_ISA_USAGE = YES_ERROR;
				CLANG_WARN_DOCUMENTATION_COMMENTS = YES;
				CLANG_WARN_EMPTY_BODY = YES;
				CLANG_WARN_ENUM_CONVERSION = YES;
				CLANG_WARN_INFINITE_RECURSION = YES;
				CLANG_WARN_INT_CONVERSION = YES;
				CLANG_WARN_NON_LITERAL_NULL_CONVERSION = YES;
				CLANG_WARN_OBJC_IMPLICIT_RETAIN_SELF = YES;
				CLANG_WARN_OBJC_LITERAL_CONVERSION = YES;
				CLANG_WARN_OBJC_ROOT_CLASS = YES_ERROR;
				CLANG_WARN_QUOTED_INCLUDE_IN_FRAMEWORK_HEADER = YES;
				CLANG_WARN_RANGE_LOOP_ANALYSIS = YES;
				CLANG_WARN_STRICT_PROTOTYPES = YES;
				CLANG_WARN_SUSPICIOUS_MOVE = YES;
				CLANG_WARN_UNGUARDED_AVAILABILITY = YES_AGGRESSIVE;
				CLANG_WARN_UNREACHABLE_CODE = YES;
				CLANG_WARN__DUPLICATE_METHOD_MATCH = YES;
				COPY_PHASE_STRIP = NO;
				DEBUG_INFORMATION_FORMAT = "dwarf-with-dsym";
				ENABLE_NS_ASSERTIONS = NO;
				ENABLE_STRICT_OBJC_MSGSEND = YES;
				GCC_C_LANGUAGE_STANDARD = gnu11;
				GCC_NO_COMMON_BLOCKS = YES;
				GCC_WARN_64_TO_32_BIT_CONVERSION = YES;
				GCC_WARN_ABOUT_RETURN_TYPE = YES_ERROR;
				GCC_WARN_UNDECLARED_SELECTOR = YES;
				GCC_WARN_UNINITIALIZED_AUTOS = YES_AGGRESSIVE;
				GCC_WARN_UNUSED_FUNCTION = YES;
				GCC_WARN_UNUSED_VARIABLE = YES;
				IPHONEOS_DEPLOYMENT_TARGET = 16.1;
				MTL_ENABLE_DEBUG_INFO = NO;
				MTL_FAST_MATH = YES;
				SDKROOT = iphoneos;
				SWIFT_COMPILATION_MODE = wholemodule;
				SWIFT_OPTIMIZATION_LEVEL = "-O";
				VALIDATE_PRODUCT = YES;
			};
			name = Release;
		};
		181B05B629C9C75F00511469 /* Debug */ = {
			isa = XCBuildConfiguration;
			buildSettings = {
				ASSETCATALOG_COMPILER_APPICON_NAME = AppIcon;
				ASSETCATALOG_COMPILER_GLOBAL_ACCENT_COLOR_NAME = AccentColor;
				CODE_SIGN_STYLE = Automatic;
				CURRENT_PROJECT_VERSION = 1;
				DEVELOPMENT_ASSET_PATHS = "\"UIProgression2/Preview Content\"";
				ENABLE_PREVIEWS = YES;
				GENERATE_INFOPLIST_FILE = YES;
				INFOPLIST_KEY_UIApplicationSceneManifest_Generation = YES;
				INFOPLIST_KEY_UIApplicationSupportsIndirectInputEvents = YES;
				INFOPLIST_KEY_UILaunchScreen_Generation = YES;
				INFOPLIST_KEY_UISupportedInterfaceOrientations = UIInterfaceOrientationPortrait;
				LD_RUNPATH_SEARCH_PATHS = (
					"$(inherited)",
					"@executable_path/Frameworks",
				);
				MARKETING_VERSION = 1.0;
				PRODUCT_BUNDLE_IDENTIFIER = com.gagan.UIProgression2;
				PRODUCT_NAME = "$(TARGET_NAME)";
				SWIFT_EMIT_LOC_STRINGS = YES;
				SWIFT_VERSION = 5.0;
				TARGETED_DEVICE_FAMILY = "1,2";
			};
			name = Debug;
		};
		181B05B729C9C75F00511469 /* Release */ = {
			isa = XCBuildConfiguration;
			buildSettings = {
				ASSETCATALOG_COMPILER_APPICON_NAME = AppIcon;
				ASSETCATALOG_COMPILER_GLOBAL_ACCENT_COLOR_NAME = AccentColor;
				CODE_SIGN_STYLE = Automatic;
				CURRENT_PROJECT_VERSION = 1;
				DEVELOPMENT_ASSET_PATHS = "\"UIProgression2/Preview Content\"";
				ENABLE_PREVIEWS = YES;
				GENERATE_INFOPLIST_FILE = YES;
				INFOPLIST_KEY_UIApplicationSceneManifest_Generation = YES;
				INFOPLIST_KEY_UIApplicationSupportsIndirectInputEvents = YES;
				INFOPLIST_KEY_UILaunchScreen_Generation = YES;
				INFOPLIST_KEY_UISupportedInterfaceOrientations = UIInterfaceOrientationPortrait;
				LD_RUNPATH_SEARCH_PATHS = (
					"$(inherited)",
					"@executable_path/Frameworks",
				);
				MARKETING_VERSION = 1.0;
				PRODUCT_BUNDLE_IDENTIFIER = com.gagan.UIProgression2;
				PRODUCT_NAME = "$(TARGET_NAME)";
				SWIFT_EMIT_LOC_STRINGS = YES;
				SWIFT_VERSION = 5.0;
				TARGETED_DEVICE_FAMILY = "1,2";
			};
			name = Release;
		};
/* End XCBuildConfiguration section */

/* Begin XCConfigurationList section */
		181B05A229C9C75800511469 /* Build configuration list for PBXProject "UIProgression2" */ = {
			isa = XCConfigurationList;
			buildConfigurations = (
				181B05B329C9C75F00511469 /* Debug */,
				181B05B429C9C75F00511469 /* Release */,
			);
			defaultConfigurationIsVisible = 0;
			defaultConfigurationName = Release;
		};
		181B05B529C9C75F00511469 /* Build configuration list for PBXNativeTarget "UIProgression2" */ = {
			isa = XCConfigurationList;
			buildConfigurations = (
				181B05B629C9C75F00511469 /* Debug */,
				181B05B729C9C75F00511469 /* Release */,
			);
			defaultConfigurationIsVisible = 0;
			defaultConfigurationName = Release;
		};
/* End XCConfigurationList section */
	};
	rootObject = 181B059F29C9C75800511469 /* Project object */;
}
